
Microsoft Visual Studio Solution File, Format Version 12.00
# Visual Studio Version 16
VisualStudioVersion = 16.0.34729.46
MinimumVisualStudioVersion = 10.0.40219.1
Project("{FAE04EC0-301F-11D3-BF4B-00C04F79EFBC}") = "Test", "Test\Test.csproj", "{28513F56-1B47-47B9-BA91-39BCF9B7B7CE}"
EndProject
Global
	GlobalSection(SolutionConfigurationPlatforms) = preSolution
		Debug|Any CPU = Debug|Any CPU
		Release|Any CPU = Release|Any CPU
	EndGlobalSection
	GlobalSection(ProjectConfigurationPlatforms) = postSolution
		{28513F56-1B47-47B9-BA91-39BCF9B7B7CE}.Debug|Any CPU.ActiveCfg = Debug|Any CPU
		{28513F56-1B47-47B9-BA91-39BCF9B7B7CE}.Debug|Any CPU.Build.0 = Debug|Any CPU
		{28513F56-1B47-47B9-BA91-39BCF9B7B7CE}.Release|Any CPU.ActiveCfg = Release|Any CPU
		{28513F56-1B47-47B9-BA91-39BCF9B7B7CE}.Release|Any CPU.Build.0 = Release|Any CPU
	EndGlobalSection
	GlobalSection(SolutionProperties) = preSolution
		HideSolutionNode = FALSE
	EndGlobalSection
	GlobalSection(ExtensibilityGlobals) = postSolution
		SolutionGuid = {D24A49D0-4873-4BC6-B3F5-73F8526906CD}
	EndGlobalSection
EndGlobal
