
Microsoft Visual Studio Solution File, Format Version 12.00
# Visual Studio Version 16
VisualStudioVersion = 16.0.34601.136
MinimumVisualStudioVersion = 10.0.40219.1
Project("{FAE04EC0-301F-11D3-BF4B-00C04F79EFBC}") = "Programming", "Programming\Programming.csproj", "{452B3B96-7603-42E1-9762-F99E55CC10B1}"
EndProject
Global
	GlobalSection(SolutionConfigurationPlatforms) = preSolution
		Debug|Any CPU = Debug|Any CPU
		Release|Any CPU = Release|Any CPU
	EndGlobalSection
	GlobalSection(ProjectConfigurationPlatforms) = postSolution
		{452B3B96-7603-42E1-9762-F99E55CC10B1}.Debug|Any CPU.ActiveCfg = Debug|Any CPU
		{452B3B96-7603-42E1-9762-F99E55CC10B1}.Debug|Any CPU.Build.0 = Debug|Any CPU
		{452B3B96-7603-42E1-9762-F99E55CC10B1}.Release|Any CPU.ActiveCfg = Release|Any CPU
		{452B3B96-7603-42E1-9762-F99E55CC10B1}.Release|Any CPU.Build.0 = Release|Any CPU
	EndGlobalSection
	GlobalSection(SolutionProperties) = preSolution
		HideSolutionNode = FALSE
	EndGlobalSection
	GlobalSection(ExtensibilityGlobals) = postSolution
		SolutionGuid = {34044F89-7E71-4E42-85BA-B7FEE3906755}
	EndGlobalSection
EndGlobal
